{
    "name": "node-red-project",
    "version": "0.0.1",
    "lockfileVersion": 3,
    "requires": true,
    "packages": {
        "": {
            "name": "node-red-project",
            "version": "0.0.1",
            "dependencies": {
                "node-red-project": "file:"
            }
        },
        "node_modules/node-red-project": {
            "resolved": "",
            "link": true
        }
    }
}
